
Microsoft Visual Studio Solution File, Format Version 12.00
# Visual Studio Version 16
VisualStudioVersion = 16.0.30907.101
MinimumVisualStudioVersion = 10.0.40219.1
Project("{FAE04EC0-301F-11D3-BF4B-00C04F79EFBC}") = "nml driver", "nml driver\nml driver.csproj", "{8FA8AC36-C1DC-4D0E-9643-239CBDF0BB9B}"
EndProject
Global
	GlobalSection(SolutionConfigurationPlatforms) = preSolution
		Debug|Any CPU = Debug|Any CPU
		Release|Any CPU = Release|Any CPU
	EndGlobalSection
	GlobalSection(ProjectConfigurationPlatforms) = postSolution
		{8FA8AC36-C1DC-4D0E-9643-239CBDF0BB9B}.Debug|Any CPU.ActiveCfg = Debug|Any CPU
		{8FA8AC36-C1DC-4D0E-9643-239CBDF0BB9B}.Debug|Any CPU.Build.0 = Debug|Any CPU
		{8FA8AC36-C1DC-4D0E-9643-239CBDF0BB9B}.Release|Any CPU.ActiveCfg = Release|Any CPU
		{8FA8AC36-C1DC-4D0E-9643-239CBDF0BB9B}.Release|Any CPU.Build.0 = Release|Any CPU
	EndGlobalSection
	GlobalSection(SolutionProperties) = preSolution
		HideSolutionNode = FALSE
	EndGlobalSection
	GlobalSection(ExtensibilityGlobals) = postSolution
		SolutionGuid = {5DAE2487-B5A9-46CA-B5B0-B414BD2AABA3}
	EndGlobalSection
EndGlobal
